
Microsoft Visual Studio Solution File, Format Version 12.00
# Visual Studio Version 16
VisualStudioVersion = 16.0.29409.12
MinimumVisualStudioVersion = 10.0.40219.1
Project("{FAE04EC0-301F-11D3-BF4B-00C04F79EFBC}") = "GestaoTarefasIPG", "GestaoTarefasIPG\GestaoTarefasIPG.csproj", "{EB74FD0B-380A-4D7D-B468-84B3B2265858}"
EndProject
Global
	GlobalSection(SolutionConfigurationPlatforms) = preSolution
		Debug|Any CPU = Debug|Any CPU
		Release|Any CPU = Release|Any CPU
	EndGlobalSection
	GlobalSection(ProjectConfigurationPlatforms) = postSolution
		{EB74FD0B-380A-4D7D-B468-84B3B2265858}.Debug|Any CPU.ActiveCfg = Debug|Any CPU
		{EB74FD0B-380A-4D7D-B468-84B3B2265858}.Debug|Any CPU.Build.0 = Debug|Any CPU
		{EB74FD0B-380A-4D7D-B468-84B3B2265858}.Release|Any CPU.ActiveCfg = Release|Any CPU
		{EB74FD0B-380A-4D7D-B468-84B3B2265858}.Release|Any CPU.Build.0 = Release|Any CPU
	EndGlobalSection
	GlobalSection(SolutionProperties) = preSolution
		HideSolutionNode = FALSE
	EndGlobalSection
	GlobalSection(ExtensibilityGlobals) = postSolution
		SolutionGuid = {D72BBFE7-5478-421C-9201-C37FE0C54E7A}
	EndGlobalSection
EndGlobal
